// !$*UTF8*$!
{
	archiveVersion = 1;
	classes = {
	};
	objectVersion = 56;
	objects = {

/* Begin PBXBuildFile section */
		D897A69529A4F79F006F559C /* AppDelegate.swift in Sources */ = {isa = PBXBuildFile; fileRef = D897A69429A4F79F006F559C /* AppDelegate.swift */; };
		D897A69729A4F79F006F559C /* SceneDelegate.swift in Sources */ = {isa = PBXBuildFile; fileRef = D897A69629A4F79F006F559C /* SceneDelegate.swift */; };
		D897A69929A4F79F006F559C /* ViewController.swift in Sources */ = {isa = PBXBuildFile; fileRef = D897A69829A4F79F006F559C /* ViewController.swift */; };
		D897A69C29A4F79F006F559C /* Main.storyboard in Resources */ = {isa = PBXBuildFile; fileRef = D897A69A29A4F79F006F559C /* Main.storyboard */; };
		D897A69E29A4F7A0006F559C /* Assets.xcassets in Resources */ = {isa = PBXBuildFile; fileRef = D897A69D29A4F7A0006F559C /* Assets.xcassets */; };
		D897A6A129A4F7A0006F559C /* LaunchScreen.storyboard in Resources */ = {isa = PBXBuildFile; fileRef = D897A69F29A4F7A0006F559C /* LaunchScreen.storyboard */; };
		D897A6AC29A4F7A0006F559C /* SequeExampleTests.swift in Sources */ = {isa = PBXBuildFile; fileRef = D897A6AB29A4F7A0006F559C /* SequeExampleTests.swift */; };
		D897A6B629A4F7A0006F559C /* SequeExampleUITests.swift in Sources */ = {isa = PBXBuildFile; fileRef = D897A6B529A4F7A0006F559C /* SequeExampleUITests.swift */; };
		D897A6B829A4F7A0006F559C /* SequeExampleUITestsLaunchTests.swift in Sources */ = {isa = PBXBuildFile; fileRef = D897A6B729A4F7A0006F559C /* SequeExampleUITestsLaunchTests.swift */; };
/* End PBXBuildFile section */

/* Begin PBXContainerItemProxy section */
		D897A6A829A4F7A0006F559C /* PBXContainerItemProxy */ = {
			isa = PBXContainerItemProxy;
			containerPortal = D897A68929A4F79F006F559C /* Project object */;
			proxyType = 1;
			remoteGlobalIDString = D897A69029A4F79F006F559C;
			remoteInfo = SequeExample;
		};
		D897A6B229A4F7A0006F559C /* PBXContainerItemProxy */ = {
			isa = PBXContainerItemProxy;
			containerPortal = D897A68929A4F79F006F559C /* Project object */;
			proxyType = 1;
			remoteGlobalIDString = D897A69029A4F79F006F559C;
			remoteInfo = SequeExample;
		};
/* End PBXContainerItemProxy section */

/* Begin PBXFileReference section */
		D897A69129A4F79F006F559C /* SequeExample.app */ = {isa = PBXFileReference; explicitFileType = wrapper.application; includeInIndex = 0; path = SequeExample.app; sourceTree = BUILT_PRODUCTS_DIR; };
		D897A69429A4F79F006F559C /* AppDelegate.swift */ = {isa = PBXFileReference; lastKnownFileType = sourcecode.swift; path = AppDelegate.swift; sourceTree = "<group>"; };
		D897A69629A4F79F006F559C /* SceneDelegate.swift */ = {isa = PBXFileReference; lastKnownFileType = sourcecode.swift; path = SceneDelegate.swift; sourceTree = "<group>"; };
		D897A69829A4F79F006F559C /* ViewController.swift */ = {isa = PBXFileReference; lastKnownFileType = sourcecode.swift; path = ViewController.swift; sourceTree = "<group>"; };
		D897A69B29A4F79F006F559C /* Base */ = {isa = PBXFileReference; lastKnownFileType = file.storyboard; name = Base; path = Base.lproj/Main.storyboard; sourceTree = "<group>"; };
		D897A69D29A4F7A0006F559C /* Assets.xcassets */ = {isa = PBXFileReference; lastKnownFileType = folder.assetcatalog; path = Assets.xcassets; sourceTree = "<group>"; };
		D897A6A029A4F7A0006F559C /* Base */ = {isa = PBXFileReference; lastKnownFileType = file.storyboard; name = Base; path = Base.lproj/LaunchScreen.storyboard; sourceTree = "<group>"; };
		D897A6A229A4F7A0006F559C /* Info.plist */ = {isa = PBXFileReference; lastKnownFileType = text.plist.xml; path = Info.plist; sourceTree = "<group>"; };
		D897A6A729A4F7A0006F559C /* SequeExampleTests.xctest */ = {isa = PBXFileReference; explicitFileType = wrapper.cfbundle; includeInIndex = 0; path = SequeExampleTests.xctest; sourceTree = BUILT_PRODUCTS_DIR; };
		D897A6AB29A4F7A0006F559C /* SequeExampleTests.swift */ = {isa = PBXFileReference; lastKnownFileType = sourcecode.swift; path = SequeExampleTests.swift; sourceTree = "<group>"; };
		D897A6B129A4F7A0006F559C /* SequeExampleUITests.xctest */ = {isa = PBXFileReference; explicitFileType = wrapper.cfbundle; includeInIndex = 0; path = SequeExampleUITests.xctest; sourceTree = BUILT_PRODUCTS_DIR; };
		D897A6B529A4F7A0006F559C /* SequeExampleUITests.swift */ = {isa = PBXFileReference; lastKnownFileType = sourcecode.swift; path = SequeExampleUITests.swift; sourceTree = "<group>"; };
		D897A6B729A4F7A0006F559C /* SequeExampleUITestsLaunchTests.swift */ = {isa = PBXFileReference; lastKnownFileType = sourcecode.swift; path = SequeExampleUITestsLaunchTests.swift; sourceTree = "<group>"; };
/* End PBXFileReference section */

/* Begin PBXFrameworksBuildPhase section */
		D897A68E29A4F79F006F559C /* Frameworks */ = {
			isa = PBXFrameworksBuildPhase;
			buildActionMask = 2147483647;
			files = (
			);
			runOnlyForDeploymentPostprocessing = 0;
		};
		D897A6A429A4F7A0006F559C /* Frameworks */ = {
			isa = PBXFrameworksBuildPhase;
			buildActionMask = 2147483647;
			files = (
			);
			runOnlyForDeploymentPostprocessing = 0;
		};
		D897A6AE29A4F7A0006F559C /* Frameworks */ = {
			isa = PBXFrameworksBuildPhase;
			buildActionMask = 2147483647;
			files = (
			);
			runOnlyForDeploymentPostprocessing = 0;
		};
/* End PBXFrameworksBuildPhase section */

/* Begin PBXGroup section */
		D897A68829A4F79F006F559C = {
			isa = PBXGroup;
			children = (
				D897A69329A4F79F006F559C /* SequeExample */,
				D897A6AA29A4F7A0006F559C /* SequeExampleTests */,
				D897A6B429A4F7A0006F559C /* SequeExampleUITests */,
				D897A69229A4F79F006F559C /* Products */,
			);
			sourceTree = "<group>";
		};
		D897A69229A4F79F006F559C /* Products */ = {
			isa = PBXGroup;
			children = (
				D897A69129A4F79F006F559C /* SequeExample.app */,
				D897A6A729A4F7A0006F559C /* SequeExampleTests.xctest */,
				D897A6B129A4F7A0006F559C /* SequeExampleUITests.xctest */,
			);
			name = Products;
			sourceTree = "<group>";
		};
		D897A69329A4F79F006F559C /* SequeExample */ = {
			isa = PBXGroup;
			children = (
				D897A69429A4F79F006F559C /* AppDelegate.swift */,
				D897A69629A4F79F006F559C /* SceneDelegate.swift */,
				D897A69829A4F79F006F559C /* ViewController.swift */,
				D897A69A29A4F79F006F559C /* Main.storyboard */,
				D897A69D29A4F7A0006F559C /* Assets.xcassets */,
				D897A69F29A4F7A0006F559C /* LaunchScreen.storyboard */,
				D897A6A229A4F7A0006F559C /* Info.plist */,
			);
			path = SequeExample;
			sourceTree = "<group>";
		};
		D897A6AA29A4F7A0006F559C /* SequeExampleTests */ = {
			isa = PBXGroup;
			children = (
				D897A6AB29A4F7A0006F559C /* SequeExampleTests.swift */,
			);
			path = SequeExampleTests;
			sourceTree = "<group>";
		};
		D897A6B429A4F7A0006F559C /* SequeExampleUITests */ = {
			isa = PBXGroup;
			children = (
				D897A6B529A4F7A0006F559C /* SequeExampleUITests.swift */,
				D897A6B729A4F7A0006F559C /* SequeExampleUITestsLaunchTests.swift */,
			);
			path = SequeExampleUITests;
			sourceTree = "<group>";
		};
/* End PBXGroup section */

/* Begin PBXNativeTarget section */
		D897A69029A4F79F006F559C /* SequeExample */ = {
			isa = PBXNativeTarget;
			buildConfigurationList = D897A6BB29A4F7A0006F559C /* Build configuration list for PBXNativeTarget "SequeExample" */;
			buildPhases = (
				D897A68D29A4F79F006F559C /* Sources */,
				D897A68E29A4F79F006F559C /* Frameworks */,
				D897A68F29A4F79F006F559C /* Resources */,
			);
			buildRules = (
			);
			dependencies = (
			);
			name = SequeExample;
			productName = SequeExample;
			productReference = D897A69129A4F79F006F559C /* SequeExample.app */;
			productType = "com.apple.product-type.application";
		};
		D897A6A629A4F7A0006F559C /* SequeExampleTests */ = {
			isa = PBXNativeTarget;
			buildConfigurationList = D897A6BE29A4F7A0006F559C /* Build configuration list for PBXNativeTarget "SequeExampleTests" */;
			buildPhases = (
				D897A6A329A4F7A0006F559C /* Sources */,
				D897A6A429A4F7A0006F559C /* Frameworks */,
				D897A6A529A4F7A0006F559C /* Resources */,
			);
			buildRules = (
			);
			dependencies = (
				D897A6A929A4F7A0006F559C /* PBXTargetDependency */,
			);
			name = SequeExampleTests;
			productName = SequeExampleTests;
			productReference = D897A6A729A4F7A0006F559C /* SequeExampleTests.xctest */;
			productType = "com.apple.product-type.bundle.unit-test";
		};
		D897A6B029A4F7A0006F559C /* SequeExampleUITests */ = {
			isa = PBXNativeTarget;
			buildConfigurationList = D897A6C129A4F7A0006F559C /* Build configuration list for PBXNativeTarget "SequeExampleUITests" */;
			buildPhases = (
				D897A6AD29A4F7A0006F559C /* Sources */,
				D897A6AE29A4F7A0006F559C /* Frameworks */,
				D897A6AF29A4F7A0006F559C /* Resources */,
			);
			buildRules = (
			);
			dependencies = (
				D897A6B329A4F7A0006F559C /* PBXTargetDependency */,
			);
			name = SequeExampleUITests;
			productName = SequeExampleUITests;
			productReference = D897A6B129A4F7A0006F559C /* SequeExampleUITests.xctest */;
			productType = "com.apple.product-type.bundle.ui-testing";
		};
/* End PBXNativeTarget section */

/* Begin PBXProject section */
		D897A68929A4F79F006F559C /* Project object */ = {
			isa = PBXProject;
			attributes = {
				BuildIndependentTargetsInParallel = 1;
				LastSwiftUpdateCheck = 1420;
				LastUpgradeCheck = 1420;
				TargetAttributes = {
					D897A69029A4F79F006F559C = {
						CreatedOnToolsVersion = 14.2;
					};
					D897A6A629A4F7A0006F559C = {
						CreatedOnToolsVersion = 14.2;
						TestTargetID = D897A69029A4F79F006F559C;
					};
					D897A6B029A4F7A0006F559C = {
						CreatedOnToolsVersion = 14.2;
						TestTargetID = D897A69029A4F79F006F559C;
					};
				};
			};
			buildConfigurationList = D897A68C29A4F79F006F559C /* Build configuration list for PBXProject "SequeExample" */;
			compatibilityVersion = "Xcode 14.0";
			developmentRegion = en;
			hasScannedForEncodings = 0;
			knownRegions = (
				en,
				Base,
			);
			mainGroup = D897A68829A4F79F006F559C;
			productRefGroup = D897A69229A4F79F006F559C /* Products */;
			projectDirPath = "";
			projectRoot = "";
			targets = (
				D897A69029A4F79F006F559C /* SequeExample */,
				D897A6A629A4F7A0006F559C /* SequeExampleTests */,
				D897A6B029A4F7A0006F559C /* SequeExampleUITests */,
			);
		};
/* End PBXProject section */

/* Begin PBXResourcesBuildPhase section */
		D897A68F29A4F79F006F559C /* Resources */ = {
			isa = PBXResourcesBuildPhase;
			buildActionMask = 2147483647;
			files = (
				D897A6A129A4F7A0006F559C /* LaunchScreen.storyboard in Resources */,
				D897A69E29A4F7A0006F559C /* Assets.xcassets in Resources */,
				D897A69C29A4F79F006F559C /* Main.storyboard in Resources */,
			);
			runOnlyForDeploymentPostprocessing = 0;
		};
		D897A6A529A4F7A0006F559C /* Resources */ = {
			isa = PBXResourcesBuildPhase;
			buildActionMask = 2147483647;
			files = (
			);
			runOnlyForDeploymentPostprocessing = 0;
		};
		D897A6AF29A4F7A0006F559C /* Resources */ = {
			isa = PBXResourcesBuildPhase;
			buildActionMask = 2147483647;
			files = (
			);
			runOnlyForDeploymentPostprocessing = 0;
		};
/* End PBXResourcesBuildPhase section */

/* Begin PBXSourcesBuildPhase section */
		D897A68D29A4F79F006F559C /* Sources */ = {
			isa = PBXSourcesBuildPhase;
			buildActionMask = 2147483647;
			files = (
				D897A69929A4F79F006F559C /* ViewController.swift in Sources */,
				D897A69529A4F79F006F559C /* AppDelegate.swift in Sources */,
				D897A69729A4F79F006F559C /* SceneDelegate.swift in Sources */,
			);
			runOnlyForDeploymentPostprocessing = 0;
		};
		D897A6A329A4F7A0006F559C /* Sources */ = {
			isa = PBXSourcesBuildPhase;
			buildActionMask = 2147483647;
			files = (
				D897A6AC29A4F7A0006F559C /* SequeExampleTests.swift in Sources */,
			);
			runOnlyForDeploymentPostprocessing = 0;
		};
		D897A6AD29A4F7A0006F559C /* Sources */ = {
			isa = PBXSourcesBuildPhase;
			buildActionMask = 2147483647;
			files = (
				D897A6B629A4F7A0006F559C /* SequeExampleUITests.swift in Sources */,
				D897A6B829A4F7A0006F559C /* SequeExampleUITestsLaunchTests.swift in Sources */,
			);
			runOnlyForDeploymentPostprocessing = 0;
		};
/* End PBXSourcesBuildPhase section */

/* Begin PBXTargetDependency section */
		D897A6A929A4F7A0006F559C /* PBXTargetDependency */ = {
			isa = PBXTargetDependency;
			target = D897A69029A4F79F006F559C /* SequeExample */;
			targetProxy = D897A6A829A4F7A0006F559C /* PBXContainerItemProxy */;
		};
		D897A6B329A4F7A0006F559C /* PBXTargetDependency */ = {
			isa = PBXTargetDependency;
			target = D897A69029A4F79F006F559C /* SequeExample */;
			targetProxy = D897A6B229A4F7A0006F559C /* PBXContainerItemProxy */;
		};
/* End PBXTargetDependency section */

/* Begin PBXVariantGroup section */
		D897A69A29A4F79F006F559C /* Main.storyboard */ = {
			isa = PBXVariantGroup;
			children = (
				D897A69B29A4F79F006F559C /* Base */,
			);
			name = Main.storyboard;
			sourceTree = "<group>";
		};
		D897A69F29A4F7A0006F559C /* LaunchScreen.storyboard */ = {
			isa = PBXVariantGroup;
			children = (
				D897A6A029A4F7A0006F559C /* Base */,
			);
			name = LaunchScreen.storyboard;
			sourceTree = "<group>";
		};
/* End PBXVariantGroup section */

/* Begin XCBuildConfiguration section */
		D897A6B929A4F7A0006F559C /* Debug */ = {
			isa = XCBuildConfiguration;
			buildSettings = {
				ALWAYS_SEARCH_USER_PATHS = NO;
				CLANG_ANALYZER_NONNULL = YES;
				CLANG_ANALYZER_NUMBER_OBJECT_CONVERSION = YES_AGGRESSIVE;
				CLANG_CXX_LANGUAGE_STANDARD = "gnu++20";
				CLANG_ENABLE_MODULES = YES;
				CLANG_ENABLE_OBJC_ARC = YES;
				CLANG_ENABLE_OBJC_WEAK = YES;
				CLANG_WARN_BLOCK_CAPTURE_AUTORELEASING = YES;
				CLANG_WARN_BOOL_CONVERSION = YES;
				CLANG_WARN_COMMA = YES;
				CLANG_WARN_CONSTANT_CONVERSION = YES;
				CLANG_WARN_DEPRECATED_OBJC_IMPLEMENTATIONS = YES;
				CLANG_WARN_DIRECT_OBJC_ISA_USAGE = YES_ERROR;
				CLANG_WARN_DOCUMENTATION_COMMENTS = YES;
				CLANG_WARN_EMPTY_BODY = YES;
				CLANG_WARN_ENUM_CONVERSION = YES;
				CLANG_WARN_INFINITE_RECURSION = YES;
				CLANG_WARN_INT_CONVERSION = YES;
				CLANG_WARN_NON_LITERAL_NULL_CONVERSION = YES;
				CLANG_WARN_OBJC_IMPLICIT_RETAIN_SELF = YES;
				CLANG_WARN_OBJC_LITERAL_CONVERSION = YES;
				CLANG_WARN_OBJC_ROOT_CLASS = YES_ERROR;
				CLANG_WARN_QUOTED_INCLUDE_IN_FRAMEWORK_HEADER = YES;
				CLANG_WARN_RANGE_LOOP_ANALYSIS = YES;
				CLANG_WARN_STRICT_PROTOTYPES = YES;
				CLANG_WARN_SUSPICIOUS_MOVE = YES;
				CLANG_WARN_UNGUARDED_AVAILABILITY = YES_AGGRESSIVE;
				CLANG_WARN_UNREACHABLE_CODE = YES;
				CLANG_WARN__DUPLICATE_METHOD_MATCH = YES;
				COPY_PHASE_STRIP = NO;
				DEBUG_INFORMATION_FORMAT = dwarf;
				ENABLE_STRICT_OBJC_MSGSEND = YES;
				ENABLE_TESTABILITY = YES;
				GCC_C_LANGUAGE_STANDARD = gnu11;
				GCC_DYNAMIC_NO_PIC = NO;
				GCC_NO_COMMON_BLOCKS = YES;
				GCC_OPTIMIZATION_LEVEL = 0;
				GCC_PREPROCESSOR_DEFINITIONS = (
					"DEBUG=1",
					"$(inherited)",
				);
				GCC_WARN_64_TO_32_BIT_CONVERSION = YES;
				GCC_WARN_ABOUT_RETURN_TYPE = YES_ERROR;
				GCC_WARN_UNDECLARED_SELECTOR = YES;
				GCC_WARN_UNINITIALIZED_AUTOS = YES_AGGRESSIVE;
				GCC_WARN_UNUSED_FUNCTION = YES;
				GCC_WARN_UNUSED_VARIABLE = YES;
				IPHONEOS_DEPLOYMENT_TARGET = 16.2;
				MTL_ENABLE_DEBUG_INFO = INCLUDE_SOURCE;
				MTL_FAST_MATH = YES;
				ONLY_ACTIVE_ARCH = YES;
				SDKROOT = iphoneos;
				SWIFT_ACTIVE_COMPILATION_CONDITIONS = DEBUG;
				SWIFT_OPTIMIZATION_LEVEL = "-Onone";
			};
			name = Debug;
		};
		D897A6BA29A4F7A0006F559C /* Release */ = {
			isa = XCBuildConfiguration;
			buildSettings = {
				ALWAYS_SEARCH_USER_PATHS = NO;
				CLANG_ANALYZER_NONNULL = YES;
				CLANG_ANALYZER_NUMBER_OBJECT_CONVERSION = YES_AGGRESSIVE;
				CLANG_CXX_LANGUAGE_STANDARD = "gnu++20";
				CLANG_ENABLE_MODULES = YES;
				CLANG_ENABLE_OBJC_ARC = YES;
				CLANG_ENABLE_OBJC_WEAK = YES;
				CLANG_WARN_BLOCK_CAPTURE_AUTORELEASING = YES;
				CLANG_WARN_BOOL_CONVERSION = YES;
				CLANG_WARN_COMMA = YES;
				CLANG_WARN_CONSTANT_CONVERSION = YES;
				CLANG_WARN_DEPRECATED_OBJC_IMPLEMENTATIONS = YES;
				CLANG_WARN_DIRECT_OBJC_ISA_USAGE = YES_ERROR;
				CLANG_WARN_DOCUMENTATION_COMMENTS = YES;
				CLANG_WARN_EMPTY_BODY = YES;
				CLANG_WARN_ENUM_CONVERSION = YES;
				CLANG_WARN_INFINITE_RECURSION = YES;
				CLANG_WARN_INT_CONVERSION = YES;
				CLANG_WARN_NON_LITERAL_NULL_CONVERSION = YES;
				CLANG_WARN_OBJC_IMPLICIT_RETAIN_SELF = YES;
				CLANG_WARN_OBJC_LITERAL_CONVERSION = YES;
				CLANG_WARN_OBJC_ROOT_CLASS = YES_ERROR;
				CLANG_WARN_QUOTED_INCLUDE_IN_FRAMEWORK_HEADER = YES;
				CLANG_WARN_RANGE_LOOP_ANALYSIS = YES;
				CLANG_WARN_STRICT_PROTOTYPES = YES;
				CLANG_WARN_SUSPICIOUS_MOVE = YES;
				CLANG_WARN_UNGUARDED_AVAILABILITY = YES_AGGRESSIVE;
				CLANG_WARN_UNREACHABLE_CODE = YES;
				CLANG_WARN__DUPLICATE_METHOD_MATCH = YES;
				COPY_PHASE_STRIP = NO;
				DEBUG_INFORMATION_FORMAT = "dwarf-with-dsym";
				ENABLE_NS_ASSERTIONS = NO;
				ENABLE_STRICT_OBJC_MSGSEND = YES;
				GCC_C_LANGUAGE_STANDARD = gnu11;
				GCC_NO_COMMON_BLOCKS = YES;
				GCC_WARN_64_TO_32_BIT_CONVERSION = YES;
				GCC_WARN_ABOUT_RETURN_TYPE = YES_ERROR;
				GCC_WARN_UNDECLARED_SELECTOR = YES;
				GCC_WARN_UNINITIALIZED_AUTOS = YES_AGGRESSIVE;
				GCC_WARN_UNUSED_FUNCTION = YES;
				GCC_WARN_UNUSED_VARIABLE = YES;
				IPHONEOS_DEPLOYMENT_TARGET = 16.2;
				MTL_ENABLE_DEBUG_INFO = NO;
				MTL_FAST_MATH = YES;
				SDKROOT = iphoneos;
				SWIFT_COMPILATION_MODE = wholemodule;
				SWIFT_OPTIMIZATION_LEVEL = "-O";
				VALIDATE_PRODUCT = YES;
			};
			name = Release;
		};
		D897A6BC29A4F7A0006F559C /* Debug */ = {
			isa = XCBuildConfiguration;
			buildSettings = {
				ASSETCATALOG_COMPILER_APPICON_NAME = AppIcon;
				ASSETCATALOG_COMPILER_GLOBAL_ACCENT_COLOR_NAME = AccentColor;
				CODE_SIGN_STYLE = Automatic;
				CURRENT_PROJECT_VERSION = 1;
				DEVELOPMENT_TEAM = 6V8RYTN3WC;
				GENERATE_INFOPLIST_FILE = YES;
				INFOPLIST_FILE = SequeExample/Info.plist;
				INFOPLIST_KEY_UIApplicationSupportsIndirectInputEvents = YES;
				INFOPLIST_KEY_UILaunchStoryboardName = LaunchScreen;
				INFOPLIST_KEY_UIMainStoryboardFile = Main;
				INFOPLIST_KEY_UISupportedInterfaceOrientations_iPad = "UIInterfaceOrientationPortrait UIInterfaceOrientationPortraitUpsideDown UIInterfaceOrientationLandscapeLeft UIInterfaceOrientationLandscapeRight";
				INFOPLIST_KEY_UISupportedInterfaceOrientations_iPhone = "UIInterfaceOrientationPortrait UIInterfaceOrientationLandscapeLeft UIInterfaceOrientationLandscapeRight";
				LD_RUNPATH_SEARCH_PATHS = (
					"$(inherited)",
					"@executable_path/Frameworks",
				);
				MARKETING_VERSION = 1.0;
				PRODUCT_BUNDLE_IDENTIFIER = com.kocakaysegul.SequeExample;
				PRODUCT_NAME = "$(TARGET_NAME)";
				SWIFT_EMIT_LOC_STRINGS = YES;
				SWIFT_VERSION = 5.0;
				TARGETED_DEVICE_FAMILY = "1,2";
			};
			name = Debug;
		};
		D897A6BD29A4F7A0006F559C /* Release */ = {
			isa = XCBuildConfiguration;
			buildSettings = {
				ASSETCATALOG_COMPILER_APPICON_NAME = AppIcon;
				ASSETCATALOG_COMPILER_GLOBAL_ACCENT_COLOR_NAME = AccentColor;
				CODE_SIGN_STYLE = Automatic;
				CURRENT_PROJECT_VERSION = 1;
				DEVELOPMENT_TEAM = 6V8RYTN3WC;
				GENERATE_INFOPLIST_FILE = YES;
				INFOPLIST_FILE = SequeExample/Info.plist;
				INFOPLIST_KEY_UIApplicationSupportsIndirectInputEvents = YES;
				INFOPLIST_KEY_UILaunchStoryboardName = LaunchScreen;
				INFOPLIST_KEY_UIMainStoryboardFile = Main;
				INFOPLIST_KEY_UISupportedInterfaceOrientations_iPad = "UIInterfaceOrientationPortrait UIInterfaceOrientationPortraitUpsideDown UIInterfaceOrientationLandscapeLeft UIInterfaceOrientationLandscapeRight";
				INFOPLIST_KEY_UISupportedInterfaceOrientations_iPhone = "UIInterfaceOrientationPortrait UIInterfaceOrientationLandscapeLeft UIInterfaceOrientationLandscapeRight";
				LD_RUNPATH_SEARCH_PATHS = (
					"$(inherited)",
					"@executable_path/Frameworks",
				);
				MARKETING_VERSION = 1.0;
				PRODUCT_BUNDLE_IDENTIFIER = com.kocakaysegul.SequeExample;
				PRODUCT_NAME = "$(TARGET_NAME)";
				SWIFT_EMIT_LOC_STRINGS = YES;
				SWIFT_VERSION = 5.0;
				TARGETED_DEVICE_FAMILY = "1,2";
			};
			name = Release;
		};
		D897A6BF29A4F7A0006F559C /* Debug */ = {
			isa = XCBuildConfiguration;
			buildSettings = {
				ALWAYS_EMBED_SWIFT_STANDARD_LIBRARIES = YES;
				BUNDLE_LOADER = "$(TEST_HOST)";
				CODE_SIGN_STYLE = Automatic;
				CURRENT_PROJECT_VERSION = 1;
				DEVELOPMENT_TEAM = 6V8RYTN3WC;
				GENERATE_INFOPLIST_FILE = YES;
				IPHONEOS_DEPLOYMENT_TARGET = 16.2;
				MARKETING_VERSION = 1.0;
				PRODUCT_BUNDLE_IDENTIFIER = com.kocakaysegul.SequeExampleTests;
				PRODUCT_NAME = "$(TARGET_NAME)";
				SWIFT_EMIT_LOC_STRINGS = NO;
				SWIFT_VERSION = 5.0;
				TARGETED_DEVICE_FAMILY = "1,2";
				TEST_HOST = "$(BUILT_PRODUCTS_DIR)/SequeExample.app/$(BUNDLE_EXECUTABLE_FOLDER_PATH)/SequeExample";
			};
			name = Debug;
		};
		D897A6C029A4F7A0006F559C /* Release */ = {
			isa = XCBuildConfiguration;
			buildSettings = {
				ALWAYS_EMBED_SWIFT_STANDARD_LIBRARIES = YES;
				BUNDLE_LOADER = "$(TEST_HOST)";
				CODE_SIGN_STYLE = Automatic;
				CURRENT_PROJECT_VERSION = 1;
				DEVELOPMENT_TEAM = 6V8RYTN3WC;
				GENERATE_INFOPLIST_FILE = YES;
				IPHONEOS_DEPLOYMENT_TARGET = 16.2;
				MARKETING_VERSION = 1.0;
				PRODUCT_BUNDLE_IDENTIFIER = com.kocakaysegul.SequeExampleTests;
				PRODUCT_NAME = "$(TARGET_NAME)";
				SWIFT_EMIT_LOC_STRINGS = NO;
				SWIFT_VERSION = 5.0;
				TARGETED_DEVICE_FAMILY = "1,2";
				TEST_HOST = "$(BUILT_PRODUCTS_DIR)/SequeExample.app/$(BUNDLE_EXECUTABLE_FOLDER_PATH)/SequeExample";
			};
			name = Release;
		};
		D897A6C229A4F7A0006F559C /* Debug */ = {
			isa = XCBuildConfiguration;
			buildSettings = {
				ALWAYS_EMBED_SWIFT_STANDARD_LIBRARIES = YES;
				CODE_SIGN_STYLE = Automatic;
				CURRENT_PROJECT_VERSION = 1;
				DEVELOPMENT_TEAM = 6V8RYTN3WC;
				GENERATE_INFOPLIST_FILE = YES;
				MARKETING_VERSION = 1.0;
				PRODUCT_BUNDLE_IDENTIFIER = com.kocakaysegul.SequeExampleUITests;
				PRODUCT_NAME = "$(TARGET_NAME)";
				SWIFT_EMIT_LOC_STRINGS = NO;
				SWIFT_VERSION = 5.0;
				TARGETED_DEVICE_FAMILY = "1,2";
				TEST_TARGET_NAME = SequeExample;
			};
			name = Debug;
		};
		D897A6C329A4F7A0006F559C /* Release */ = {
			isa = XCBuildConfiguration;
			buildSettings = {
				ALWAYS_EMBED_SWIFT_STANDARD_LIBRARIES = YES;
				CODE_SIGN_STYLE = Automatic;
				CURRENT_PROJECT_VERSION = 1;
				DEVELOPMENT_TEAM = 6V8RYTN3WC;
				GENERATE_INFOPLIST_FILE = YES;
				MARKETING_VERSION = 1.0;
				PRODUCT_BUNDLE_IDENTIFIER = com.kocakaysegul.SequeExampleUITests;
				PRODUCT_NAME = "$(TARGET_NAME)";
				SWIFT_EMIT_LOC_STRINGS = NO;
				SWIFT_VERSION = 5.0;
				TARGETED_DEVICE_FAMILY = "1,2";
				TEST_TARGET_NAME = SequeExample;
			};
			name = Release;
		};
/* End XCBuildConfiguration section */

/* Begin XCConfigurationList section */
		D897A68C29A4F79F006F559C /* Build configuration list for PBXProject "SequeExample" */ = {
			isa = XCConfigurationList;
			buildConfigurations = (
				D897A6B929A4F7A0006F559C /* Debug */,
				D897A6BA29A4F7A0006F559C /* Release */,
			);
			defaultConfigurationIsVisible = 0;
			defaultConfigurationName = Release;
		};
		D897A6BB29A4F7A0006F559C /* Build configuration list for PBXNativeTarget "SequeExample" */ = {
			isa = XCConfigurationList;
			buildConfigurations = (
				D897A6BC29A4F7A0006F559C /* Debug */,
				D897A6BD29A4F7A0006F559C /* Release */,
			);
			defaultConfigurationIsVisible = 0;
			defaultConfigurationName = Release;
		};
		D897A6BE29A4F7A0006F559C /* Build configuration list for PBXNativeTarget "SequeExampleTests" */ = {
			isa = XCConfigurationList;
			buildConfigurations = (
				D897A6BF29A4F7A0006F559C /* Debug */,
				D897A6C029A4F7A0006F559C /* Release */,
			);
			defaultConfigurationIsVisible = 0;
			defaultConfigurationName = Release;
		};
		D897A6C129A4F7A0006F559C /* Build configuration list for PBXNativeTarget "SequeExampleUITests" */ = {
			isa = XCConfigurationList;
			buildConfigurations = (
				D897A6C229A4F7A0006F559C /* Debug */,
				D897A6C329A4F7A0006F559C /* Release */,
			);
			defaultConfigurationIsVisible = 0;
			defaultConfigurationName = Release;
		};
/* End XCConfigurationList section */
	};
	rootObject = D897A68929A4F79F006F559C /* Project object */;
}
